
Microsoft Visual Studio Solution File, Format Version 12.00
# Visual Studio 2012
Project("{FAE04EC0-301F-11D3-BF4B-00C04F79EFBC}") = "GiacenzaCQRS.Core", "GiacenzaCQRS.Core\GiacenzaCQRS.Core.csproj", "{98C98161-F1D4-453D-8F7C-C37419A3AF29}"
EndProject
Project("{FAE04EC0-301F-11D3-BF4B-00C04F79EFBC}") = "GiacenzaCQRS.Tests", "GiacenzaCQRS.Tests\GiacenzaCQRS.Tests.csproj", "{3ACF257F-E3FD-4965-A1BD-1BE1626F216D}"
EndProject
Global
	GlobalSection(SolutionConfigurationPlatforms) = preSolution
		Debug|Any CPU = Debug|Any CPU
		Release|Any CPU = Release|Any CPU
	EndGlobalSection
	GlobalSection(ProjectConfigurationPlatforms) = postSolution
		{98C98161-F1D4-453D-8F7C-C37419A3AF29}.Debug|Any CPU.ActiveCfg = Debug|Any CPU
		{98C98161-F1D4-453D-8F7C-C37419A3AF29}.Debug|Any CPU.Build.0 = Debug|Any CPU
		{98C98161-F1D4-453D-8F7C-C37419A3AF29}.Release|Any CPU.ActiveCfg = Release|Any CPU
		{98C98161-F1D4-453D-8F7C-C37419A3AF29}.Release|Any CPU.Build.0 = Release|Any CPU
		{3ACF257F-E3FD-4965-A1BD-1BE1626F216D}.Debug|Any CPU.ActiveCfg = Debug|Any CPU
		{3ACF257F-E3FD-4965-A1BD-1BE1626F216D}.Debug|Any CPU.Build.0 = Debug|Any CPU
		{3ACF257F-E3FD-4965-A1BD-1BE1626F216D}.Release|Any CPU.ActiveCfg = Release|Any CPU
		{3ACF257F-E3FD-4965-A1BD-1BE1626F216D}.Release|Any CPU.Build.0 = Release|Any CPU
	EndGlobalSection
	GlobalSection(SolutionProperties) = preSolution
		HideSolutionNode = FALSE
	EndGlobalSection
EndGlobal
